// !$*UTF8*$!
{
	archiveVersion = 1;
	classes = {
	};
	objectVersion = 50;
	objects = {

/* Begin PBXBuildFile section */
		2854699F20D169DA00342C55 /* AppDelegate.swift in Sources */ = {isa = PBXBuildFile; fileRef = 2854699E20D169DA00342C55 /* AppDelegate.swift */; };
		285469A120D169DA00342C55 /* TrendsViewController.swift in Sources */ = {isa = PBXBuildFile; fileRef = 285469A020D169DA00342C55 /* TrendsViewController.swift */; };
		285469A420D169DA00342C55 /* Main.storyboard in Resources */ = {isa = PBXBuildFile; fileRef = 285469A220D169DA00342C55 /* Main.storyboard */; };
		285469A620D169DC00342C55 /* Assets.xcassets in Resources */ = {isa = PBXBuildFile; fileRef = 285469A520D169DC00342C55 /* Assets.xcassets */; };
		285469A920D169DC00342C55 /* LaunchScreen.storyboard in Resources */ = {isa = PBXBuildFile; fileRef = 285469A720D169DC00342C55 /* LaunchScreen.storyboard */; };
		285469B620D16DFE00342C55 /* Project.swift in Sources */ = {isa = PBXBuildFile; fileRef = 285469B520D16DFE00342C55 /* Project.swift */; };
/* End PBXBuildFile section */

/* Begin PBXFileReference section */
		2854699B20D169DA00342C55 /* Xapo.app */ = {isa = PBXFileReference; explicitFileType = wrapper.application; includeInIndex = 0; path = Xapo.app; sourceTree = BUILT_PRODUCTS_DIR; };
		2854699E20D169DA00342C55 /* AppDelegate.swift */ = {isa = PBXFileReference; lastKnownFileType = sourcecode.swift; path = AppDelegate.swift; sourceTree = "<group>"; };
		285469A020D169DA00342C55 /* TrendsViewController.swift */ = {isa = PBXFileReference; lastKnownFileType = sourcecode.swift; path = TrendsViewController.swift; sourceTree = "<group>"; };
		285469A320D169DA00342C55 /* Base */ = {isa = PBXFileReference; lastKnownFileType = file.storyboard; name = Base; path = Base.lproj/Main.storyboard; sourceTree = "<group>"; };
		285469A520D169DC00342C55 /* Assets.xcassets */ = {isa = PBXFileReference; lastKnownFileType = folder.assetcatalog; path = Assets.xcassets; sourceTree = "<group>"; };
		285469A820D169DC00342C55 /* Base */ = {isa = PBXFileReference; lastKnownFileType = file.storyboard; name = Base; path = Base.lproj/LaunchScreen.storyboard; sourceTree = "<group>"; };
		285469AA20D169DC00342C55 /* Info.plist */ = {isa = PBXFileReference; lastKnownFileType = text.plist.xml; path = Info.plist; sourceTree = "<group>"; };
		285469B520D16DFE00342C55 /* Project.swift */ = {isa = PBXFileReference; lastKnownFileType = sourcecode.swift; path = Project.swift; sourceTree = "<group>"; };
/* End PBXFileReference section */

/* Begin PBXFrameworksBuildPhase section */
		2854699820D169DA00342C55 /* Frameworks */ = {
			isa = PBXFrameworksBuildPhase;
			buildActionMask = 2147483647;
			files = (
			);
			runOnlyForDeploymentPostprocessing = 0;
		};
/* End PBXFrameworksBuildPhase section */

/* Begin PBXGroup section */
		2854699220D169DA00342C55 = {
			isa = PBXGroup;
			children = (
				2854699D20D169DA00342C55 /* Xapo */,
				2854699C20D169DA00342C55 /* Products */,
			);
			sourceTree = "<group>";
		};
		2854699C20D169DA00342C55 /* Products */ = {
			isa = PBXGroup;
			children = (
				2854699B20D169DA00342C55 /* Xapo.app */,
			);
			name = Products;
			sourceTree = "<group>";
		};
		2854699D20D169DA00342C55 /* Xapo */ = {
			isa = PBXGroup;
			children = (
				285469B120D16A8400342C55 /* Extensions */,
				285469B020D16A8400342C55 /* Model */,
				285469B420D16A8400342C55 /* Services */,
				285469B220D16A8400342C55 /* View */,
				285469B320D16A8400342C55 /* ViewModel */,
				2854699E20D169DA00342C55 /* AppDelegate.swift */,
				285469A020D169DA00342C55 /* TrendsViewController.swift */,
				285469A220D169DA00342C55 /* Main.storyboard */,
				285469A520D169DC00342C55 /* Assets.xcassets */,
				285469A720D169DC00342C55 /* LaunchScreen.storyboard */,
				285469AA20D169DC00342C55 /* Info.plist */,
			);
			path = Xapo;
			sourceTree = "<group>";
		};
		285469B020D16A8400342C55 /* Model */ = {
			isa = PBXGroup;
			children = (
				285469B520D16DFE00342C55 /* Project.swift */,
			);
			path = Model;
			sourceTree = SOURCE_ROOT;
		};
		285469B120D16A8400342C55 /* Extensions */ = {
			isa = PBXGroup;
			children = (
			);
			path = Extensions;
			sourceTree = SOURCE_ROOT;
		};
		285469B220D16A8400342C55 /* View */ = {
			isa = PBXGroup;
			children = (
			);
			path = View;
			sourceTree = SOURCE_ROOT;
		};
		285469B320D16A8400342C55 /* ViewModel */ = {
			isa = PBXGroup;
			children = (
			);
			path = ViewModel;
			sourceTree = SOURCE_ROOT;
		};
		285469B420D16A8400342C55 /* Services */ = {
			isa = PBXGroup;
			children = (
			);
			path = Services;
			sourceTree = SOURCE_ROOT;
		};
/* End PBXGroup section */

/* Begin PBXNativeTarget section */
		2854699A20D169DA00342C55 /* Xapo */ = {
			isa = PBXNativeTarget;
			buildConfigurationList = 285469AD20D169DC00342C55 /* Build configuration list for PBXNativeTarget "Xapo" */;
			buildPhases = (
				2854699720D169DA00342C55 /* Sources */,
				2854699820D169DA00342C55 /* Frameworks */,
				2854699920D169DA00342C55 /* Resources */,
			);
			buildRules = (
			);
			dependencies = (
			);
			name = Xapo;
			productName = Xapo;
			productReference = 2854699B20D169DA00342C55 /* Xapo.app */;
			productType = "com.apple.product-type.application";
		};
/* End PBXNativeTarget section */

/* Begin PBXProject section */
		2854699320D169DA00342C55 /* Project object */ = {
			isa = PBXProject;
			attributes = {
				LastSwiftUpdateCheck = 0940;
				LastUpgradeCheck = 0940;
				ORGANIZATIONNAME = "Cristian Florin Ghinea";
				TargetAttributes = {
					2854699A20D169DA00342C55 = {
						CreatedOnToolsVersion = 9.4;
					};
				};
			};
			buildConfigurationList = 2854699620D169DA00342C55 /* Build configuration list for PBXProject "Xapo" */;
			compatibilityVersion = "Xcode 9.3";
			developmentRegion = en;
			hasScannedForEncodings = 0;
			knownRegions = (
				en,
				Base,
			);
			mainGroup = 2854699220D169DA00342C55;
			productRefGroup = 2854699C20D169DA00342C55 /* Products */;
			projectDirPath = "";
			projectRoot = "";
			targets = (
				2854699A20D169DA00342C55 /* Xapo */,
			);
		};
/* End PBXProject section */

/* Begin PBXResourcesBuildPhase section */
		2854699920D169DA00342C55 /* Resources */ = {
			isa = PBXResourcesBuildPhase;
			buildActionMask = 2147483647;
			files = (
				285469A920D169DC00342C55 /* LaunchScreen.storyboard in Resources */,
				285469A620D169DC00342C55 /* Assets.xcassets in Resources */,
				285469A420D169DA00342C55 /* Main.storyboard in Resources */,
			);
			runOnlyForDeploymentPostprocessing = 0;
		};
/* End PBXResourcesBuildPhase section */

/* Begin PBXSourcesBuildPhase section */
		2854699720D169DA00342C55 /* Sources */ = {
			isa = PBXSourcesBuildPhase;
			buildActionMask = 2147483647;
			files = (
				285469A120D169DA00342C55 /* TrendsViewController.swift in Sources */,
				2854699F20D169DA00342C55 /* AppDelegate.swift in Sources */,
				285469B620D16DFE00342C55 /* Project.swift in Sources */,
			);
			runOnlyForDeploymentPostprocessing = 0;
		};
/* End PBXSourcesBuildPhase section */

/* Begin PBXVariantGroup section */
		285469A220D169DA00342C55 /* Main.storyboard */ = {
			isa = PBXVariantGroup;
			children = (
				285469A320D169DA00342C55 /* Base */,
			);
			name = Main.storyboard;
			sourceTree = "<group>";
		};
		285469A720D169DC00342C55 /* LaunchScreen.storyboard */ = {
			isa = PBXVariantGroup;
			children = (
				285469A820D169DC00342C55 /* Base */,
			);
			name = LaunchScreen.storyboard;
			sourceTree = "<group>";
		};
/* End PBXVariantGroup section */

/* Begin XCBuildConfiguration section */
		285469AB20D169DC00342C55 /* Debug */ = {
			isa = XCBuildConfiguration;
			buildSettings = {
				ALWAYS_SEARCH_USER_PATHS = NO;
				CLANG_ANALYZER_NONNULL = YES;
				CLANG_ANALYZER_NUMBER_OBJECT_CONVERSION = YES_AGGRESSIVE;
				CLANG_CXX_LANGUAGE_STANDARD = "gnu++14";
				CLANG_CXX_LIBRARY = "libc++";
				CLANG_ENABLE_MODULES = YES;
				CLANG_ENABLE_OBJC_ARC = YES;
				CLANG_ENABLE_OBJC_WEAK = YES;
				CLANG_WARN_BLOCK_CAPTURE_AUTORELEASING = YES;
				CLANG_WARN_BOOL_CONVERSION = YES;
				CLANG_WARN_COMMA = YES;
				CLANG_WARN_CONSTANT_CONVERSION = YES;
				CLANG_WARN_DEPRECATED_OBJC_IMPLEMENTATIONS = YES;
				CLANG_WARN_DIRECT_OBJC_ISA_USAGE = YES_ERROR;
				CLANG_WARN_DOCUMENTATION_COMMENTS = YES;
				CLANG_WARN_EMPTY_BODY = YES;
				CLANG_WARN_ENUM_CONVERSION = YES;
				CLANG_WARN_INFINITE_RECURSION = YES;
				CLANG_WARN_INT_CONVERSION = YES;
				CLANG_WARN_NON_LITERAL_NULL_CONVERSION = YES;
				CLANG_WARN_OBJC_IMPLICIT_RETAIN_SELF = YES;
				CLANG_WARN_OBJC_LITERAL_CONVERSION = YES;
				CLANG_WARN_OBJC_ROOT_CLASS = YES_ERROR;
				CLANG_WARN_RANGE_LOOP_ANALYSIS = YES;
				CLANG_WARN_STRICT_PROTOTYPES = YES;
				CLANG_WARN_SUSPICIOUS_MOVE = YES;
				CLANG_WARN_UNGUARDED_AVAILABILITY = YES_AGGRESSIVE;
				CLANG_WARN_UNREACHABLE_CODE = YES;
				CLANG_WARN__DUPLICATE_METHOD_MATCH = YES;
				CODE_SIGN_IDENTITY = "iPhone Developer";
				COPY_PHASE_STRIP = NO;
				DEBUG_INFORMATION_FORMAT = dwarf;
				ENABLE_STRICT_OBJC_MSGSEND = YES;
				ENABLE_TESTABILITY = YES;
				GCC_C_LANGUAGE_STANDARD = gnu11;
				GCC_DYNAMIC_NO_PIC = NO;
				GCC_NO_COMMON_BLOCKS = YES;
				GCC_OPTIMIZATION_LEVEL = 0;
				GCC_PREPROCESSOR_DEFINITIONS = (
					"DEBUG=1",
					"$(inherited)",
				);
				GCC_WARN_64_TO_32_BIT_CONVERSION = YES;
				GCC_WARN_ABOUT_RETURN_TYPE = YES_ERROR;
				GCC_WARN_UNDECLARED_SELECTOR = YES;
				GCC_WARN_UNINITIALIZED_AUTOS = YES_AGGRESSIVE;
				GCC_WARN_UNUSED_FUNCTION = YES;
				GCC_WARN_UNUSED_VARIABLE = YES;
				IPHONEOS_DEPLOYMENT_TARGET = 11.4;
				MTL_ENABLE_DEBUG_INFO = YES;
				ONLY_ACTIVE_ARCH = YES;
				SDKROOT = iphoneos;
				SWIFT_ACTIVE_COMPILATION_CONDITIONS = DEBUG;
				SWIFT_OPTIMIZATION_LEVEL = "-Onone";
			};
			name = Debug;
		};
		285469AC20D169DC00342C55 /* Release */ = {
			isa = XCBuildConfiguration;
			buildSettings = {
				ALWAYS_SEARCH_USER_PATHS = NO;
				CLANG_ANALYZER_NONNULL = YES;
				CLANG_ANALYZER_NUMBER_OBJECT_CONVERSION = YES_AGGRESSIVE;
				CLANG_CXX_LANGUAGE_STANDARD = "gnu++14";
				CLANG_CXX_LIBRARY = "libc++";
				CLANG_ENABLE_MODULES = YES;
				CLANG_ENABLE_OBJC_ARC = YES;
				CLANG_ENABLE_OBJC_WEAK = YES;
				CLANG_WARN_BLOCK_CAPTURE_AUTORELEASING = YES;
				CLANG_WARN_BOOL_CONVERSION = YES;
				CLANG_WARN_COMMA = YES;
				CLANG_WARN_CONSTANT_CONVERSION = YES;
				CLANG_WARN_DEPRECATED_OBJC_IMPLEMENTATIONS = YES;
				CLANG_WARN_DIRECT_OBJC_ISA_USAGE = YES_ERROR;
				CLANG_WARN_DOCUMENTATION_COMMENTS = YES;
				CLANG_WARN_EMPTY_BODY = YES;
				CLANG_WARN_ENUM_CONVERSION = YES;
				CLANG_WARN_INFINITE_RECURSION = YES;
				CLANG_WARN_INT_CONVERSION = YES;
				CLANG_WARN_NON_LITERAL_NULL_CONVERSION = YES;
				CLANG_WARN_OBJC_IMPLICIT_RETAIN_SELF = YES;
				CLANG_WARN_OBJC_LITERAL_CONVERSION = YES;
				CLANG_WARN_OBJC_ROOT_CLASS = YES_ERROR;
				CLANG_WARN_RANGE_LOOP_ANALYSIS = YES;
				CLANG_WARN_STRICT_PROTOTYPES = YES;
				CLANG_WARN_SUSPICIOUS_MOVE = YES;
				CLANG_WARN_UNGUARDED_AVAILABILITY = YES_AGGRESSIVE;
				CLANG_WARN_UNREACHABLE_CODE = YES;
				CLANG_WARN__DUPLICATE_METHOD_MATCH = YES;
				CODE_SIGN_IDENTITY = "iPhone Developer";
				COPY_PHASE_STRIP = NO;
				DEBUG_INFORMATION_FORMAT = "dwarf-with-dsym";
				ENABLE_NS_ASSERTIONS = NO;
				ENABLE_STRICT_OBJC_MSGSEND = YES;
				GCC_C_LANGUAGE_STANDARD = gnu11;
				GCC_NO_COMMON_BLOCKS = YES;
				GCC_WARN_64_TO_32_BIT_CONVERSION = YES;
				GCC_WARN_ABOUT_RETURN_TYPE = YES_ERROR;
				GCC_WARN_UNDECLARED_SELECTOR = YES;
				GCC_WARN_UNINITIALIZED_AUTOS = YES_AGGRESSIVE;
				GCC_WARN_UNUSED_FUNCTION = YES;
				GCC_WARN_UNUSED_VARIABLE = YES;
				IPHONEOS_DEPLOYMENT_TARGET = 11.4;
				MTL_ENABLE_DEBUG_INFO = NO;
				SDKROOT = iphoneos;
				SWIFT_COMPILATION_MODE = wholemodule;
				SWIFT_OPTIMIZATION_LEVEL = "-O";
				VALIDATE_PRODUCT = YES;
			};
			name = Release;
		};
		285469AE20D169DC00342C55 /* Debug */ = {
			isa = XCBuildConfiguration;
			buildSettings = {
				ASSETCATALOG_COMPILER_APPICON_NAME = AppIcon;
				CODE_SIGN_STYLE = Automatic;
				DEVELOPMENT_TEAM = N9A3EZJ753;
				INFOPLIST_FILE = Xapo/Info.plist;
				LD_RUNPATH_SEARCH_PATHS = (
					"$(inherited)",
					"@executable_path/Frameworks",
				);
				PRODUCT_BUNDLE_IDENTIFIER = com.xapo.Xapo;
				PRODUCT_NAME = "$(TARGET_NAME)";
				SWIFT_VERSION = 4.0;
				TARGETED_DEVICE_FAMILY = "1,2";
			};
			name = Debug;
		};
		285469AF20D169DC00342C55 /* Release */ = {
			isa = XCBuildConfiguration;
			buildSettings = {
				ASSETCATALOG_COMPILER_APPICON_NAME = AppIcon;
				CODE_SIGN_STYLE = Automatic;
				DEVELOPMENT_TEAM = N9A3EZJ753;
				INFOPLIST_FILE = Xapo/Info.plist;
				LD_RUNPATH_SEARCH_PATHS = (
					"$(inherited)",
					"@executable_path/Frameworks",
				);
				PRODUCT_BUNDLE_IDENTIFIER = com.xapo.Xapo;
				PRODUCT_NAME = "$(TARGET_NAME)";
				SWIFT_VERSION = 4.0;
				TARGETED_DEVICE_FAMILY = "1,2";
			};
			name = Release;
		};
/* End XCBuildConfiguration section */

/* Begin XCConfigurationList section */
		2854699620D169DA00342C55 /* Build configuration list for PBXProject "Xapo" */ = {
			isa = XCConfigurationList;
			buildConfigurations = (
				285469AB20D169DC00342C55 /* Debug */,
				285469AC20D169DC00342C55 /* Release */,
			);
			defaultConfigurationIsVisible = 0;
			defaultConfigurationName = Release;
		};
		285469AD20D169DC00342C55 /* Build configuration list for PBXNativeTarget "Xapo" */ = {
			isa = XCConfigurationList;
			buildConfigurations = (
				285469AE20D169DC00342C55 /* Debug */,
				285469AF20D169DC00342C55 /* Release */,
			);
			defaultConfigurationIsVisible = 0;
			defaultConfigurationName = Release;
		};
/* End XCConfigurationList section */
	};
	rootObject = 2854699320D169DA00342C55 /* Project object */;
}
